
Microsoft Visual Studio Solution File, Format Version 12.00
# Visual Studio 15
VisualStudioVersion = 15.0.28010.2041
MinimumVisualStudioVersion = 10.0.40219.1
Project("{FAE04EC0-301F-11D3-BF4B-00C04F79EFBC}") = "TP3", "TP3\TP3.csproj", "{705103E7-E53E-4BC6-95EE-B923EEC04013}"
EndProject
Global
	GlobalSection(SolutionConfigurationPlatforms) = preSolution
		Debug|Any CPU = Debug|Any CPU
		Release|Any CPU = Release|Any CPU
	EndGlobalSection
	GlobalSection(ProjectConfigurationPlatforms) = postSolution
		{705103E7-E53E-4BC6-95EE-B923EEC04013}.Debug|Any CPU.ActiveCfg = Debug|Any CPU
		{705103E7-E53E-4BC6-95EE-B923EEC04013}.Debug|Any CPU.Build.0 = Debug|Any CPU
		{705103E7-E53E-4BC6-95EE-B923EEC04013}.Release|Any CPU.ActiveCfg = Release|Any CPU
		{705103E7-E53E-4BC6-95EE-B923EEC04013}.Release|Any CPU.Build.0 = Release|Any CPU
	EndGlobalSection
	GlobalSection(SolutionProperties) = preSolution
		HideSolutionNode = FALSE
	EndGlobalSection
	GlobalSection(ExtensibilityGlobals) = postSolution
		SolutionGuid = {33D34D40-823F-4330-BE51-4C0CDCF6CFAD}
	EndGlobalSection
EndGlobal
